
Microsoft Visual Studio Solution File, Format Version 12.00
# Visual Studio Version 17
VisualStudioVersion = 17.14.36511.14 d17.14
MinimumVisualStudioVersion = 10.0.40219.1
Project("{8BC9CEB8-8B4A-11D0-8D11-00A0C91BC942}") = "dijkstra-optimized", "dijkstra-optimized\dijkstra-optimized.vcxproj", "{3113B543-B90E-4DFD-AFF8-0806CF3F0256}"
EndProject
Global
	GlobalSection(SolutionConfigurationPlatforms) = preSolution
		Debug|x64 = Debug|x64
		Debug|x86 = Debug|x86
		Release|x64 = Release|x64
		Release|x86 = Release|x86
	EndGlobalSection
	GlobalSection(ProjectConfigurationPlatforms) = postSolution
		{3113B543-B90E-4DFD-AFF8-0806CF3F0256}.Debug|x64.ActiveCfg = Debug|x64
		{3113B543-B90E-4DFD-AFF8-0806CF3F0256}.Debug|x64.Build.0 = Debug|x64
		{3113B543-B90E-4DFD-AFF8-0806CF3F0256}.Debug|x86.ActiveCfg = Debug|Win32
		{3113B543-B90E-4DFD-AFF8-0806CF3F0256}.Debug|x86.Build.0 = Debug|Win32
		{3113B543-B90E-4DFD-AFF8-0806CF3F0256}.Release|x64.ActiveCfg = Release|x64
		{3113B543-B90E-4DFD-AFF8-0806CF3F0256}.Release|x64.Build.0 = Release|x64
		{3113B543-B90E-4DFD-AFF8-0806CF3F0256}.Release|x86.ActiveCfg = Release|Win32
		{3113B543-B90E-4DFD-AFF8-0806CF3F0256}.Release|x86.Build.0 = Release|Win32
	EndGlobalSection
	GlobalSection(SolutionProperties) = preSolution
		HideSolutionNode = FALSE
	EndGlobalSection
	GlobalSection(ExtensibilityGlobals) = postSolution
		SolutionGuid = {DEB28CB7-9446-4436-9734-4A117B66B4BA}
	EndGlobalSection
EndGlobal
